
Microsoft Visual Studio Solution File, Format Version 12.00
# Visual Studio Version 16
VisualStudioVersion = 16.0.33529.622
MinimumVisualStudioVersion = 10.0.40219.1
Project("{FAE04EC0-301F-11D3-BF4B-00C04F79EFBC}") = "TP7_Grupo_Nro_06", "TP7_Grupo_Nro_06.csproj", "{CB1DA157-7A76-457A-8B10-FC3A2534E63D}"
EndProject
Global
	GlobalSection(SolutionConfigurationPlatforms) = preSolution
		Debug|Any CPU = Debug|Any CPU
		Release|Any CPU = Release|Any CPU
	EndGlobalSection
	GlobalSection(ProjectConfigurationPlatforms) = postSolution
		{CB1DA157-7A76-457A-8B10-FC3A2534E63D}.Debug|Any CPU.ActiveCfg = Debug|Any CPU
		{CB1DA157-7A76-457A-8B10-FC3A2534E63D}.Debug|Any CPU.Build.0 = Debug|Any CPU
		{CB1DA157-7A76-457A-8B10-FC3A2534E63D}.Release|Any CPU.ActiveCfg = Release|Any CPU
		{CB1DA157-7A76-457A-8B10-FC3A2534E63D}.Release|Any CPU.Build.0 = Release|Any CPU
	EndGlobalSection
	GlobalSection(SolutionProperties) = preSolution
		HideSolutionNode = FALSE
	EndGlobalSection
	GlobalSection(ExtensibilityGlobals) = postSolution
		SolutionGuid = {74A6BD98-8816-414E-B4D4-674AC677E49D}
	EndGlobalSection
EndGlobal
