
Microsoft Visual Studio Solution File, Format Version 12.00
# Visual Studio Version 16
VisualStudioVersion = 16.0.33529.622
MinimumVisualStudioVersion = 10.0.40219.1
Project("{FAE04EC0-301F-11D3-BF4B-00C04F79EFBC}") = "Vistas", "Vistas\Vistas.csproj", "{9A178938-89D9-4719-B747-6948563197B7}"
EndProject
Project("{FAE04EC0-301F-11D3-BF4B-00C04F79EFBC}") = "Negocio", "Negocio\Negocio.csproj", "{D1567652-5B85-4F84-BDBE-1E4D56456774}"
EndProject
Project("{FAE04EC0-301F-11D3-BF4B-00C04F79EFBC}") = "Datos", "Datos\Datos.csproj", "{B23B6BC0-B170-4738-AA9E-7199777E3A99}"
EndProject
Project("{FAE04EC0-301F-11D3-BF4B-00C04F79EFBC}") = "Entidades", "Entidades\Entidades.csproj", "{5315DB10-BDBF-4F32-AE25-41DA5C1A396D}"
EndProject
Global
	GlobalSection(SolutionConfigurationPlatforms) = preSolution
		Debug|Any CPU = Debug|Any CPU
		Release|Any CPU = Release|Any CPU
	EndGlobalSection
	GlobalSection(ProjectConfigurationPlatforms) = postSolution
		{9A178938-89D9-4719-B747-6948563197B7}.Debug|Any CPU.ActiveCfg = Debug|Any CPU
		{9A178938-89D9-4719-B747-6948563197B7}.Debug|Any CPU.Build.0 = Debug|Any CPU
		{9A178938-89D9-4719-B747-6948563197B7}.Release|Any CPU.ActiveCfg = Release|Any CPU
		{9A178938-89D9-4719-B747-6948563197B7}.Release|Any CPU.Build.0 = Release|Any CPU
		{D1567652-5B85-4F84-BDBE-1E4D56456774}.Debug|Any CPU.ActiveCfg = Debug|Any CPU
		{D1567652-5B85-4F84-BDBE-1E4D56456774}.Debug|Any CPU.Build.0 = Debug|Any CPU
		{D1567652-5B85-4F84-BDBE-1E4D56456774}.Release|Any CPU.ActiveCfg = Release|Any CPU
		{D1567652-5B85-4F84-BDBE-1E4D56456774}.Release|Any CPU.Build.0 = Release|Any CPU
		{B23B6BC0-B170-4738-AA9E-7199777E3A99}.Debug|Any CPU.ActiveCfg = Debug|Any CPU
		{B23B6BC0-B170-4738-AA9E-7199777E3A99}.Debug|Any CPU.Build.0 = Debug|Any CPU
		{B23B6BC0-B170-4738-AA9E-7199777E3A99}.Release|Any CPU.ActiveCfg = Release|Any CPU
		{B23B6BC0-B170-4738-AA9E-7199777E3A99}.Release|Any CPU.Build.0 = Release|Any CPU
		{5315DB10-BDBF-4F32-AE25-41DA5C1A396D}.Debug|Any CPU.ActiveCfg = Debug|Any CPU
		{5315DB10-BDBF-4F32-AE25-41DA5C1A396D}.Debug|Any CPU.Build.0 = Debug|Any CPU
		{5315DB10-BDBF-4F32-AE25-41DA5C1A396D}.Release|Any CPU.ActiveCfg = Release|Any CPU
		{5315DB10-BDBF-4F32-AE25-41DA5C1A396D}.Release|Any CPU.Build.0 = Release|Any CPU
	EndGlobalSection
	GlobalSection(SolutionProperties) = preSolution
		HideSolutionNode = FALSE
	EndGlobalSection
	GlobalSection(ExtensibilityGlobals) = postSolution
		SolutionGuid = {EFA8D625-0E77-44E8-9BEF-9F4E5E07CC18}
	EndGlobalSection
EndGlobal
