
Microsoft Visual Studio Solution File, Format Version 12.00
# Visual Studio Version 16
VisualStudioVersion = 16.0.33529.622
MinimumVisualStudioVersion = 10.0.40219.1
Project("{FAE04EC0-301F-11D3-BF4B-00C04F79EFBC}") = "Vistas", "Vistas\Vistas.csproj", "{60349A20-3CB0-4123-8884-6A424CC48ED2}"
EndProject
Global
	GlobalSection(SolutionConfigurationPlatforms) = preSolution
		Debug|Any CPU = Debug|Any CPU
		Release|Any CPU = Release|Any CPU
	EndGlobalSection
	GlobalSection(ProjectConfigurationPlatforms) = postSolution
		{60349A20-3CB0-4123-8884-6A424CC48ED2}.Debug|Any CPU.ActiveCfg = Debug|Any CPU
		{60349A20-3CB0-4123-8884-6A424CC48ED2}.Debug|Any CPU.Build.0 = Debug|Any CPU
		{60349A20-3CB0-4123-8884-6A424CC48ED2}.Release|Any CPU.ActiveCfg = Release|Any CPU
		{60349A20-3CB0-4123-8884-6A424CC48ED2}.Release|Any CPU.Build.0 = Release|Any CPU
	EndGlobalSection
	GlobalSection(SolutionProperties) = preSolution
		HideSolutionNode = FALSE
	EndGlobalSection
	GlobalSection(ExtensibilityGlobals) = postSolution
		SolutionGuid = {3A3BDD5E-8823-40BA-9F92-868E8B04D833}
	EndGlobalSection
EndGlobal
